PODS:
  - Flutter (1.0.0)
  - FMDB (2.7.5):
    - FMDB/standard (= 2.7.5)
  - FMDB/standard (2.7.5)
  - LKImageKit (5.4.1)
  - path_provider (0.0.1):
    - Flutter
  - Protobuf (3.18.0)
  - sqflite (0.0.2):
    - Flutter
    - FMDB (>= 2.7.5)
  - texture_image (0.0.1):
    - Flutter

DEPENDENCIES:
  - Flutter (from `Flutter`)
  - LKImageKit (from `https://github.com/sooYo/LKImageKit.git`)
  - path_provider (from `.symlinks/plugins/path_provider/ios`)
  - Protobuf
  - sqflite (from `.symlinks/plugins/sqflite/ios`)
  - texture_image (from `.symlinks/plugins/texture_image/ios`)

SPEC REPOS:
  trunk:
    - FMDB
    - Protobuf

EXTERNAL SOURCES:
  Flutter:
    :path: Flutter
  LKImageKit:
    :git: https://github.com/sooYo/LKImageKit.git
  path_provider:
    :path: ".symlinks/plugins/path_provider/ios"
  sqflite:
    :path: ".symlinks/plugins/sqflite/ios"
  texture_image:
    :path: ".symlinks/plugins/texture_image/ios"

CHECKOUT OPTIONS:
  LKImageKit:
    :commit: 2848635511342bf37de1842e1cd28fae2a3606d2
    :git: https://github.com/sooYo/LKImageKit.git

SPEC CHECKSUMS:
  Flutter: 434fef37c0980e73bb6479ef766c45957d4b510c
  FMDB: 2ce00b547f966261cd18927a3ddb07cb6f3db82a
  LKImageKit: 67ea057e10c510619e6034defc1b2a3ca129409d
  path_provider: abfe2b5c733d04e238b0d8691db0cfd63a27a93c
  Protobuf: 1a37ebea1338949e9ac35a3f06e80b3f536eec8d
  sqflite: 6d358c025f5b867b29ed92fc697fd34924e11904
  texture_image: ffacfc46873ba430aa621e66055f52e8a2d751b8

PODFILE CHECKSUM: cdaeef2a9b5e37a03eff65058d94668c9bf280e3

COCOAPODS: 1.10.1
